
Microsoft Visual Studio Solution File, Format Version 12.00
# Visual Studio Version 16
VisualStudioVersion = 16.0.31702.278
MinimumVisualStudioVersion = 10.0.40219.1
Project("{FAE04EC0-301F-11D3-BF4B-00C04F79EFBC}") = "WelcomeASP", "WelcomeASP\WelcomeASP.csproj", "{A95AF4F0-2508-495F-A85D-D457DE662706}"
EndProject
Global
	GlobalSection(SolutionConfigurationPlatforms) = preSolution
		Debug|Any CPU = Debug|Any CPU
		Release|Any CPU = Release|Any CPU
	EndGlobalSection
	GlobalSection(ProjectConfigurationPlatforms) = postSolution
		{A95AF4F0-2508-495F-A85D-D457DE662706}.Debug|Any CPU.ActiveCfg = Debug|Any CPU
		{A95AF4F0-2508-495F-A85D-D457DE662706}.Debug|Any CPU.Build.0 = Debug|Any CPU
		{A95AF4F0-2508-495F-A85D-D457DE662706}.Release|Any CPU.ActiveCfg = Release|Any CPU
		{A95AF4F0-2508-495F-A85D-D457DE662706}.Release|Any CPU.Build.0 = Release|Any CPU
	EndGlobalSection
	GlobalSection(SolutionProperties) = preSolution
		HideSolutionNode = FALSE
	EndGlobalSection
	GlobalSection(ExtensibilityGlobals) = postSolution
		SolutionGuid = {E2FA1751-26FB-4CFD-8B1F-4EC26C369AE4}
	EndGlobalSection
EndGlobal
